{
  "pins" : [
    {
      "identity" : "animationsequence",
      "kind" : "remoteSourceControl",
      "location" : "https://github.com/cristhianleonli/AnimationSequence",
      "state" : {
        "branch" : "main",
        "revision" : "6e33fbc27324f3d2a8669c59e4207e248211c666"
      }
    },
    {
      "identity" : "swiftui-navigation-router",
      "kind" : "remoteSourceControl",
      "location" : "https://github.com/Lukas-Simonson/SwiftUI-Navigation-Router",
      "state" : {
        "branch" : "dev",
        "revision" : "98a4e9802addef92c7ebd2413ed27afdce9f2fe3"
      }
    }
  ],
  "version" : 2
}
