// !$*UTF8*$!
{
	archiveVersion = 1;
	classes = {
	};
	objectVersion = 56;
	objects = {

/* Begin PBXBuildFile section */
		FAA107852A425BEB00703BF3 /* Unpossible_QuizApp.swift in Sources */ = {isa = PBXBuildFile; fileRef = FAA107842A425BEB00703BF3 /* Unpossible_QuizApp.swift */; };
		FAA107892A425BED00703BF3 /* Assets.xcassets in Resources */ = {isa = PBXBuildFile; fileRef = FAA107882A425BED00703BF3 /* Assets.xcassets */; };
		FAA1078C2A425BED00703BF3 /* Preview Assets.xcassets in Resources */ = {isa = PBXBuildFile; fileRef = FAA1078B2A425BED00703BF3 /* Preview Assets.xcassets */; };
		FAA107972A425F8B00703BF3 /* HomeScreen.swift in Sources */ = {isa = PBXBuildFile; fileRef = FAA107962A425F8B00703BF3 /* HomeScreen.swift */; };
		FAA1079A2A425FEE00703BF3 /* NavigationRouter in Frameworks */ = {isa = PBXBuildFile; productRef = FAA107992A425FEE00703BF3 /* NavigationRouter */; };
		FAA1079E2A43935B00703BF3 /* Settings.swift in Sources */ = {isa = PBXBuildFile; fileRef = FAA1079D2A43935B00703BF3 /* Settings.swift */; };
		FAA107A02A43957F00703BF3 /* Credits.swift in Sources */ = {isa = PBXBuildFile; fileRef = FAA1079F2A43957F00703BF3 /* Credits.swift */; };
		FAA107A32A4395C200703BF3 /* UnpossibleQuiz.swift in Sources */ = {isa = PBXBuildFile; fileRef = FAA107A22A4395C200703BF3 /* UnpossibleQuiz.swift */; };
		FAA107A72A43A0EF00703BF3 /* Unpossible-Quiz-Info.plist in Resources */ = {isa = PBXBuildFile; fileRef = FAA107A62A43A0EF00703BF3 /* Unpossible-Quiz-Info.plist */; };
		FAA107A82A43A28D00703BF3 /* DeliciousHandrawn-Regular.ttf in Resources */ = {isa = PBXBuildFile; fileRef = FAA107A42A439F6600703BF3 /* DeliciousHandrawn-Regular.ttf */; };
		FAA416F92A4A385600C43DDA /* FlowLayout.swift in Sources */ = {isa = PBXBuildFile; fileRef = FAA416F82A4A385600C43DDA /* FlowLayout.swift */; };
		FAA416FD2A4A45B700C43DDA /* Answer.swift in Sources */ = {isa = PBXBuildFile; fileRef = FAA416FC2A4A45B700C43DDA /* Answer.swift */; };
		FAA417002A4A466E00C43DDA /* StringColorConverter.swift in Sources */ = {isa = PBXBuildFile; fileRef = FAA416FF2A4A466E00C43DDA /* StringColorConverter.swift */; };
		FAA417022A4A470200C43DDA /* Question.swift in Sources */ = {isa = PBXBuildFile; fileRef = FAA417012A4A470200C43DDA /* Question.swift */; };
		FAA417042A4A47A900C43DDA /* QuizViewModel.swift in Sources */ = {isa = PBXBuildFile; fileRef = FAA417032A4A47A900C43DDA /* QuizViewModel.swift */; };
/* End PBXBuildFile section */

/* Begin PBXFileReference section */
		FAA107812A425BEB00703BF3 /* Unpossible Quiz.app */ = {isa = PBXFileReference; explicitFileType = wrapper.application; includeInIndex = 0; path = "Unpossible Quiz.app"; sourceTree = BUILT_PRODUCTS_DIR; };
		FAA107842A425BEB00703BF3 /* Unpossible_QuizApp.swift */ = {isa = PBXFileReference; lastKnownFileType = sourcecode.swift; path = Unpossible_QuizApp.swift; sourceTree = "<group>"; };
		FAA107882A425BED00703BF3 /* Assets.xcassets */ = {isa = PBXFileReference; lastKnownFileType = folder.assetcatalog; path = Assets.xcassets; sourceTree = "<group>"; };
		FAA1078B2A425BED00703BF3 /* Preview Assets.xcassets */ = {isa = PBXFileReference; lastKnownFileType = folder.assetcatalog; path = "Preview Assets.xcassets"; sourceTree = "<group>"; };
		FAA107962A425F8B00703BF3 /* HomeScreen.swift */ = {isa = PBXFileReference; lastKnownFileType = sourcecode.swift; path = HomeScreen.swift; sourceTree = "<group>"; };
		FAA1079D2A43935B00703BF3 /* Settings.swift */ = {isa = PBXFileReference; lastKnownFileType = sourcecode.swift; path = Settings.swift; sourceTree = "<group>"; };
		FAA1079F2A43957F00703BF3 /* Credits.swift */ = {isa = PBXFileReference; lastKnownFileType = sourcecode.swift; path = Credits.swift; sourceTree = "<group>"; };
		FAA107A22A4395C200703BF3 /* UnpossibleQuiz.swift */ = {isa = PBXFileReference; lastKnownFileType = sourcecode.swift; path = UnpossibleQuiz.swift; sourceTree = "<group>"; };
		FAA107A42A439F6600703BF3 /* DeliciousHandrawn-Regular.ttf */ = {isa = PBXFileReference; lastKnownFileType = file; path = "DeliciousHandrawn-Regular.ttf"; sourceTree = "<group>"; };
		FAA107A62A43A0EF00703BF3 /* Unpossible-Quiz-Info.plist */ = {isa = PBXFileReference; fileEncoding = 4; lastKnownFileType = text.plist.xml; path = "Unpossible-Quiz-Info.plist"; sourceTree = "<group>"; };
		FAA416F82A4A385600C43DDA /* FlowLayout.swift */ = {isa = PBXFileReference; lastKnownFileType = sourcecode.swift; path = FlowLayout.swift; sourceTree = "<group>"; };
		FAA416FC2A4A45B700C43DDA /* Answer.swift */ = {isa = PBXFileReference; lastKnownFileType = sourcecode.swift; path = Answer.swift; sourceTree = "<group>"; };
		FAA416FF2A4A466E00C43DDA /* StringColorConverter.swift */ = {isa = PBXFileReference; lastKnownFileType = sourcecode.swift; path = StringColorConverter.swift; sourceTree = "<group>"; };
		FAA417012A4A470200C43DDA /* Question.swift */ = {isa = PBXFileReference; lastKnownFileType = sourcecode.swift; path = Question.swift; sourceTree = "<group>"; };
		FAA417032A4A47A900C43DDA /* QuizViewModel.swift */ = {isa = PBXFileReference; lastKnownFileType = sourcecode.swift; path = QuizViewModel.swift; sourceTree = "<group>"; };
/* End PBXFileReference section */

/* Begin PBXFrameworksBuildPhase section */
		FAA1077E2A425BEB00703BF3 /* Frameworks */ = {
			isa = PBXFrameworksBuildPhase;
			buildActionMask = 2147483647;
			files = (
				FAA1079A2A425FEE00703BF3 /* NavigationRouter in Frameworks */,
			);
			runOnlyForDeploymentPostprocessing = 0;
		};
/* End PBXFrameworksBuildPhase section */

/* Begin PBXGroup section */
		FAA107782A425BEB00703BF3 = {
			isa = PBXGroup;
			children = (
				FAA107832A425BEB00703BF3 /* Unpossible Quiz */,
				FAA107822A425BEB00703BF3 /* Products */,
			);
			sourceTree = "<group>";
		};
		FAA107822A425BEB00703BF3 /* Products */ = {
			isa = PBXGroup;
			children = (
				FAA107812A425BEB00703BF3 /* Unpossible Quiz.app */,
			);
			name = Products;
			sourceTree = "<group>";
		};
		FAA107832A425BEB00703BF3 /* Unpossible Quiz */ = {
			isa = PBXGroup;
			children = (
				FAA416F72A4A382900C43DDA /* ThingsToAddToPackage */,
				FAA107932A425F0F00703BF3 /* Model */,
				FAA107942A425F1800703BF3 /* ViewModel */,
				FAA107952A425F2F00703BF3 /* View */,
				FAA107922A425EF900703BF3 /* App */,
				FAA416F62A4A327A00C43DDA /* FontFiles */,
				FAA1078A2A425BED00703BF3 /* Preview Content */,
			);
			path = "Unpossible Quiz";
			sourceTree = "<group>";
		};
		FAA1078A2A425BED00703BF3 /* Preview Content */ = {
			isa = PBXGroup;
			children = (
				FAA107882A425BED00703BF3 /* Assets.xcassets */,
				FAA1078B2A425BED00703BF3 /* Preview Assets.xcassets */,
			);
			path = "Preview Content";
			sourceTree = "<group>";
		};
		FAA107922A425EF900703BF3 /* App */ = {
			isa = PBXGroup;
			children = (
				FAA107842A425BEB00703BF3 /* Unpossible_QuizApp.swift */,
			);
			path = App;
			sourceTree = "<group>";
		};
		FAA107932A425F0F00703BF3 /* Model */ = {
			isa = PBXGroup;
			children = (
				FAA416FC2A4A45B700C43DDA /* Answer.swift */,
				FAA417012A4A470200C43DDA /* Question.swift */,
			);
			path = Model;
			sourceTree = "<group>";
		};
		FAA107942A425F1800703BF3 /* ViewModel */ = {
			isa = PBXGroup;
			children = (
				FAA417032A4A47A900C43DDA /* QuizViewModel.swift */,
			);
			path = ViewModel;
			sourceTree = "<group>";
		};
		FAA107952A425F2F00703BF3 /* View */ = {
			isa = PBXGroup;
			children = (
				FAA107A12A43958A00703BF3 /* GameView */,
				FAA1079B2A43933700703BF3 /* HomeScreenViews */,
			);
			path = View;
			sourceTree = "<group>";
		};
		FAA1079B2A43933700703BF3 /* HomeScreenViews */ = {
			isa = PBXGroup;
			children = (
				FAA107962A425F8B00703BF3 /* HomeScreen.swift */,
				FAA1079C2A43934500703BF3 /* ViewComponents */,
			);
			path = HomeScreenViews;
			sourceTree = "<group>";
		};
		FAA1079C2A43934500703BF3 /* ViewComponents */ = {
			isa = PBXGroup;
			children = (
				FAA1079F2A43957F00703BF3 /* Credits.swift */,
				FAA1079D2A43935B00703BF3 /* Settings.swift */,
			);
			path = ViewComponents;
			sourceTree = "<group>";
		};
		FAA107A12A43958A00703BF3 /* GameView */ = {
			isa = PBXGroup;
			children = (
				FAA107A22A4395C200703BF3 /* UnpossibleQuiz.swift */,
			);
			path = GameView;
			sourceTree = "<group>";
		};
		FAA416F62A4A327A00C43DDA /* FontFiles */ = {
			isa = PBXGroup;
			children = (
				FAA107A62A43A0EF00703BF3 /* Unpossible-Quiz-Info.plist */,
				FAA107A42A439F6600703BF3 /* DeliciousHandrawn-Regular.ttf */,
			);
			path = FontFiles;
			sourceTree = "<group>";
		};
		FAA416F72A4A382900C43DDA /* ThingsToAddToPackage */ = {
			isa = PBXGroup;
			children = (
				FAA416F82A4A385600C43DDA /* FlowLayout.swift */,
				FAA416FF2A4A466E00C43DDA /* StringColorConverter.swift */,
			);
			path = ThingsToAddToPackage;
			sourceTree = "<group>";
		};
/* End PBXGroup section */

/* Begin PBXNativeTarget section */
		FAA107802A425BEB00703BF3 /* Unpossible Quiz */ = {
			isa = PBXNativeTarget;
			buildConfigurationList = FAA1078F2A425BED00703BF3 /* Build configuration list for PBXNativeTarget "Unpossible Quiz" */;
			buildPhases = (
				FAA1077D2A425BEB00703BF3 /* Sources */,
				FAA1077E2A425BEB00703BF3 /* Frameworks */,
				FAA1077F2A425BEB00703BF3 /* Resources */,
			);
			buildRules = (
			);
			dependencies = (
			);
			name = "Unpossible Quiz";
			packageProductDependencies = (
				FAA107992A425FEE00703BF3 /* NavigationRouter */,
			);
			productName = "Unpossible Quiz";
			productReference = FAA107812A425BEB00703BF3 /* Unpossible Quiz.app */;
			productType = "com.apple.product-type.application";
		};
/* End PBXNativeTarget section */

/* Begin PBXProject section */
		FAA107792A425BEB00703BF3 /* Project object */ = {
			isa = PBXProject;
			attributes = {
				BuildIndependentTargetsInParallel = 1;
				LastSwiftUpdateCheck = 1430;
				LastUpgradeCheck = 1430;
				TargetAttributes = {
					FAA107802A425BEB00703BF3 = {
						CreatedOnToolsVersion = 14.3.1;
					};
				};
			};
			buildConfigurationList = FAA1077C2A425BEB00703BF3 /* Build configuration list for PBXProject "Unpossible Quiz" */;
			compatibilityVersion = "Xcode 14.0";
			developmentRegion = en;
			hasScannedForEncodings = 0;
			knownRegions = (
				en,
				Base,
			);
			mainGroup = FAA107782A425BEB00703BF3;
			packageReferences = (
				FAA107982A425FEE00703BF3 /* XCRemoteSwiftPackageReference "SwiftUI-Navigation-Router" */,
			);
			productRefGroup = FAA107822A425BEB00703BF3 /* Products */;
			projectDirPath = "";
			projectRoot = "";
			targets = (
				FAA107802A425BEB00703BF3 /* Unpossible Quiz */,
			);
		};
/* End PBXProject section */

/* Begin PBXResourcesBuildPhase section */
		FAA1077F2A425BEB00703BF3 /* Resources */ = {
			isa = PBXResourcesBuildPhase;
			buildActionMask = 2147483647;
			files = (
				FAA107A82A43A28D00703BF3 /* DeliciousHandrawn-Regular.ttf in Resources */,
				FAA1078C2A425BED00703BF3 /* Preview Assets.xcassets in Resources */,
				FAA107892A425BED00703BF3 /* Assets.xcassets in Resources */,
				FAA107A72A43A0EF00703BF3 /* Unpossible-Quiz-Info.plist in Resources */,
			);
			runOnlyForDeploymentPostprocessing = 0;
		};
/* End PBXResourcesBuildPhase section */

/* Begin PBXSourcesBuildPhase section */
		FAA1077D2A425BEB00703BF3 /* Sources */ = {
			isa = PBXSourcesBuildPhase;
			buildActionMask = 2147483647;
			files = (
				FAA1079E2A43935B00703BF3 /* Settings.swift in Sources */,
				FAA416F92A4A385600C43DDA /* FlowLayout.swift in Sources */,
				FAA107972A425F8B00703BF3 /* HomeScreen.swift in Sources */,
				FAA417022A4A470200C43DDA /* Question.swift in Sources */,
				FAA417002A4A466E00C43DDA /* StringColorConverter.swift in Sources */,
				FAA416FD2A4A45B700C43DDA /* Answer.swift in Sources */,
				FAA107A02A43957F00703BF3 /* Credits.swift in Sources */,
				FAA107852A425BEB00703BF3 /* Unpossible_QuizApp.swift in Sources */,
				FAA107A32A4395C200703BF3 /* UnpossibleQuiz.swift in Sources */,
				FAA417042A4A47A900C43DDA /* QuizViewModel.swift in Sources */,
			);
			runOnlyForDeploymentPostprocessing = 0;
		};
/* End PBXSourcesBuildPhase section */

/* Begin XCBuildConfiguration section */
		FAA1078D2A425BED00703BF3 /* Debug */ = {
			isa = XCBuildConfiguration;
			buildSettings = {
				ALWAYS_SEARCH_USER_PATHS = NO;
				CLANG_ANALYZER_NONNULL = YES;
				CLANG_ANALYZER_NUMBER_OBJECT_CONVERSION = YES_AGGRESSIVE;
				CLANG_CXX_LANGUAGE_STANDARD = "gnu++20";
				CLANG_ENABLE_MODULES = YES;
				CLANG_ENABLE_OBJC_ARC = YES;
				CLANG_ENABLE_OBJC_WEAK = YES;
				CLANG_WARN_BLOCK_CAPTURE_AUTORELEASING = YES;
				CLANG_WARN_BOOL_CONVERSION = YES;
				CLANG_WARN_COMMA = YES;
				CLANG_WARN_CONSTANT_CONVERSION = YES;
				CLANG_WARN_DEPRECATED_OBJC_IMPLEMENTATIONS = YES;
				CLANG_WARN_DIRECT_OBJC_ISA_USAGE = YES_ERROR;
				CLANG_WARN_DOCUMENTATION_COMMENTS = YES;
				CLANG_WARN_EMPTY_BODY = YES;
				CLANG_WARN_ENUM_CONVERSION = YES;
				CLANG_WARN_INFINITE_RECURSION = YES;
				CLANG_WARN_INT_CONVERSION = YES;
				CLANG_WARN_NON_LITERAL_NULL_CONVERSION = YES;
				CLANG_WARN_OBJC_IMPLICIT_RETAIN_SELF = YES;
				CLANG_WARN_OBJC_LITERAL_CONVERSION = YES;
				CLANG_WARN_OBJC_ROOT_CLASS = YES_ERROR;
				CLANG_WARN_QUOTED_INCLUDE_IN_FRAMEWORK_HEADER = YES;
				CLANG_WARN_RANGE_LOOP_ANALYSIS = YES;
				CLANG_WARN_STRICT_PROTOTYPES = YES;
				CLANG_WARN_SUSPICIOUS_MOVE = YES;
				CLANG_WARN_UNGUARDED_AVAILABILITY = YES_AGGRESSIVE;
				CLANG_WARN_UNREACHABLE_CODE = YES;
				CLANG_WARN__DUPLICATE_METHOD_MATCH = YES;
				COPY_PHASE_STRIP = NO;
				DEBUG_INFORMATION_FORMAT = dwarf;
				ENABLE_STRICT_OBJC_MSGSEND = YES;
				ENABLE_TESTABILITY = YES;
				GCC_C_LANGUAGE_STANDARD = gnu11;
				GCC_DYNAMIC_NO_PIC = NO;
				GCC_NO_COMMON_BLOCKS = YES;
				GCC_OPTIMIZATION_LEVEL = 0;
				GCC_PREPROCESSOR_DEFINITIONS = (
					"DEBUG=1",
					"$(inherited)",
				);
				GCC_WARN_64_TO_32_BIT_CONVERSION = YES;
				GCC_WARN_ABOUT_RETURN_TYPE = YES_ERROR;
				GCC_WARN_UNDECLARED_SELECTOR = YES;
				GCC_WARN_UNINITIALIZED_AUTOS = YES_AGGRESSIVE;
				GCC_WARN_UNUSED_FUNCTION = YES;
				GCC_WARN_UNUSED_VARIABLE = YES;
				IPHONEOS_DEPLOYMENT_TARGET = 16.4;
				MTL_ENABLE_DEBUG_INFO = INCLUDE_SOURCE;
				MTL_FAST_MATH = YES;
				ONLY_ACTIVE_ARCH = YES;
				SDKROOT = iphoneos;
				SWIFT_ACTIVE_COMPILATION_CONDITIONS = DEBUG;
				SWIFT_OPTIMIZATION_LEVEL = "-Onone";
			};
			name = Debug;
		};
		FAA1078E2A425BED00703BF3 /* Release */ = {
			isa = XCBuildConfiguration;
			buildSettings = {
				ALWAYS_SEARCH_USER_PATHS = NO;
				CLANG_ANALYZER_NONNULL = YES;
				CLANG_ANALYZER_NUMBER_OBJECT_CONVERSION = YES_AGGRESSIVE;
				CLANG_CXX_LANGUAGE_STANDARD = "gnu++20";
				CLANG_ENABLE_MODULES = YES;
				CLANG_ENABLE_OBJC_ARC = YES;
				CLANG_ENABLE_OBJC_WEAK = YES;
				CLANG_WARN_BLOCK_CAPTURE_AUTORELEASING = YES;
				CLANG_WARN_BOOL_CONVERSION = YES;
				CLANG_WARN_COMMA = YES;
				CLANG_WARN_CONSTANT_CONVERSION = YES;
				CLANG_WARN_DEPRECATED_OBJC_IMPLEMENTATIONS = YES;
				CLANG_WARN_DIRECT_OBJC_ISA_USAGE = YES_ERROR;
				CLANG_WARN_DOCUMENTATION_COMMENTS = YES;
				CLANG_WARN_EMPTY_BODY = YES;
				CLANG_WARN_ENUM_CONVERSION = YES;
				CLANG_WARN_INFINITE_RECURSION = YES;
				CLANG_WARN_INT_CONVERSION = YES;
				CLANG_WARN_NON_LITERAL_NULL_CONVERSION = YES;
				CLANG_WARN_OBJC_IMPLICIT_RETAIN_SELF = YES;
				CLANG_WARN_OBJC_LITERAL_CONVERSION = YES;
				CLANG_WARN_OBJC_ROOT_CLASS = YES_ERROR;
				CLANG_WARN_QUOTED_INCLUDE_IN_FRAMEWORK_HEADER = YES;
				CLANG_WARN_RANGE_LOOP_ANALYSIS = YES;
				CLANG_WARN_STRICT_PROTOTYPES = YES;
				CLANG_WARN_SUSPICIOUS_MOVE = YES;
				CLANG_WARN_UNGUARDED_AVAILABILITY = YES_AGGRESSIVE;
				CLANG_WARN_UNREACHABLE_CODE = YES;
				CLANG_WARN__DUPLICATE_METHOD_MATCH = YES;
				COPY_PHASE_STRIP = NO;
				DEBUG_INFORMATION_FORMAT = "dwarf-with-dsym";
				ENABLE_NS_ASSERTIONS = NO;
				ENABLE_STRICT_OBJC_MSGSEND = YES;
				GCC_C_LANGUAGE_STANDARD = gnu11;
				GCC_NO_COMMON_BLOCKS = YES;
				GCC_WARN_64_TO_32_BIT_CONVERSION = YES;
				GCC_WARN_ABOUT_RETURN_TYPE = YES_ERROR;
				GCC_WARN_UNDECLARED_SELECTOR = YES;
				GCC_WARN_UNINITIALIZED_AUTOS = YES_AGGRESSIVE;
				GCC_WARN_UNUSED_FUNCTION = YES;
				GCC_WARN_UNUSED_VARIABLE = YES;
				IPHONEOS_DEPLOYMENT_TARGET = 16.4;
				MTL_ENABLE_DEBUG_INFO = NO;
				MTL_FAST_MATH = YES;
				SDKROOT = iphoneos;
				SWIFT_COMPILATION_MODE = wholemodule;
				SWIFT_OPTIMIZATION_LEVEL = "-O";
				VALIDATE_PRODUCT = YES;
			};
			name = Release;
		};
		FAA107902A425BED00703BF3 /* Debug */ = {
			isa = XCBuildConfiguration;
			buildSettings = {
				ASSETCATALOG_COMPILER_APPICON_NAME = AppIcon;
				ASSETCATALOG_COMPILER_GLOBAL_ACCENT_COLOR_NAME = AccentColor;
				CODE_SIGN_STYLE = Automatic;
				CURRENT_PROJECT_VERSION = 1;
				DEVELOPMENT_ASSET_PATHS = "\"Unpossible Quiz/Preview Content\"";
				DEVELOPMENT_TEAM = 5ZK987TGX8;
				ENABLE_PREVIEWS = YES;
				GENERATE_INFOPLIST_FILE = YES;
				INFOPLIST_FILE = "Unpossible-Quiz-Info.plist";
				INFOPLIST_KEY_UIApplicationSceneManifest_Generation = YES;
				INFOPLIST_KEY_UIApplicationSupportsIndirectInputEvents = YES;
				INFOPLIST_KEY_UILaunchScreen_Generation = YES;
				INFOPLIST_KEY_UISupportedInterfaceOrientations = "UIInterfaceOrientationPortrait UIInterfaceOrientationPortraitUpsideDown";
				LD_RUNPATH_SEARCH_PATHS = (
					"$(inherited)",
					"@executable_path/Frameworks",
				);
				MARKETING_VERSION = 1.0;
				PRODUCT_BUNDLE_IDENTIFIER = "edu.dixietech.ashermcconnell.Unpossible-Quiz";
				PRODUCT_NAME = "$(TARGET_NAME)";
				SWIFT_EMIT_LOC_STRINGS = YES;
				SWIFT_VERSION = 5.0;
				TARGETED_DEVICE_FAMILY = "1,2";
			};
			name = Debug;
		};
		FAA107912A425BED00703BF3 /* Release */ = {
			isa = XCBuildConfiguration;
			buildSettings = {
				ASSETCATALOG_COMPILER_APPICON_NAME = AppIcon;
				ASSETCATALOG_COMPILER_GLOBAL_ACCENT_COLOR_NAME = AccentColor;
				CODE_SIGN_STYLE = Automatic;
				CURRENT_PROJECT_VERSION = 1;
				DEVELOPMENT_ASSET_PATHS = "\"Unpossible Quiz/Preview Content\"";
				DEVELOPMENT_TEAM = 5ZK987TGX8;
				ENABLE_PREVIEWS = YES;
				GENERATE_INFOPLIST_FILE = YES;
				INFOPLIST_FILE = "Unpossible-Quiz-Info.plist";
				INFOPLIST_KEY_UIApplicationSceneManifest_Generation = YES;
				INFOPLIST_KEY_UIApplicationSupportsIndirectInputEvents = YES;
				INFOPLIST_KEY_UILaunchScreen_Generation = YES;
				INFOPLIST_KEY_UISupportedInterfaceOrientations = "UIInterfaceOrientationPortrait UIInterfaceOrientationPortraitUpsideDown";
				LD_RUNPATH_SEARCH_PATHS = (
					"$(inherited)",
					"@executable_path/Frameworks",
				);
				MARKETING_VERSION = 1.0;
				PRODUCT_BUNDLE_IDENTIFIER = "edu.dixietech.ashermcconnell.Unpossible-Quiz";
				PRODUCT_NAME = "$(TARGET_NAME)";
				SWIFT_EMIT_LOC_STRINGS = YES;
				SWIFT_VERSION = 5.0;
				TARGETED_DEVICE_FAMILY = "1,2";
			};
			name = Release;
		};
/* End XCBuildConfiguration section */

/* Begin XCConfigurationList section */
		FAA1077C2A425BEB00703BF3 /* Build configuration list for PBXProject "Unpossible Quiz" */ = {
			isa = XCConfigurationList;
			buildConfigurations = (
				FAA1078D2A425BED00703BF3 /* Debug */,
				FAA1078E2A425BED00703BF3 /* Release */,
			);
			defaultConfigurationIsVisible = 0;
			defaultConfigurationName = Release;
		};
		FAA1078F2A425BED00703BF3 /* Build configuration list for PBXNativeTarget "Unpossible Quiz" */ = {
			isa = XCConfigurationList;
			buildConfigurations = (
				FAA107902A425BED00703BF3 /* Debug */,
				FAA107912A425BED00703BF3 /* Release */,
			);
			defaultConfigurationIsVisible = 0;
			defaultConfigurationName = Release;
		};
/* End XCConfigurationList section */

/* Begin XCRemoteSwiftPackageReference section */
		FAA107982A425FEE00703BF3 /* XCRemoteSwiftPackageReference "SwiftUI-Navigation-Router" */ = {
			isa = XCRemoteSwiftPackageReference;
			repositoryURL = "https://github.com/Lukas-Simonson/SwiftUI-Navigation-Router";
			requirement = {
				branch = main;
				kind = branch;
			};
		};
/* End XCRemoteSwiftPackageReference section */

/* Begin XCSwiftPackageProductDependency section */
		FAA107992A425FEE00703BF3 /* NavigationRouter */ = {
			isa = XCSwiftPackageProductDependency;
			package = FAA107982A425FEE00703BF3 /* XCRemoteSwiftPackageReference "SwiftUI-Navigation-Router" */;
			productName = NavigationRouter;
		};
/* End XCSwiftPackageProductDependency section */
	};
	rootObject = FAA107792A425BEB00703BF3 /* Project object */;
}
